
Microsoft Visual Studio Solution File, Format Version 12.00
Project("{FAE04EC0-301F-11D3-BF4B-00C04F79EFBC}") = "HotelSearch", "HotelSearch\HotelSearch.csproj", "{6F758820-288C-45D5-A633-C3B5A20C6665}"
EndProject
Project("{FAE04EC0-301F-11D3-BF4B-00C04F79EFBC}") = "HotelSearch.Tests", "HotelSearch.Tests\HotelSearch.Tests.csproj", "{FD383F85-8D5E-4AB6-A1FD-42F492203F9A}"
EndProject
Global
	GlobalSection(SolutionConfigurationPlatforms) = preSolution
		Debug|Any CPU = Debug|Any CPU
		Release|Any CPU = Release|Any CPU
	EndGlobalSection
	GlobalSection(ProjectConfigurationPlatforms) = postSolution
		{6F758820-288C-45D5-A633-C3B5A20C6665}.Debug|Any CPU.ActiveCfg = Debug|Any CPU
		{6F758820-288C-45D5-A633-C3B5A20C6665}.Debug|Any CPU.Build.0 = Debug|Any CPU
		{6F758820-288C-45D5-A633-C3B5A20C6665}.Release|Any CPU.ActiveCfg = Release|Any CPU
		{6F758820-288C-45D5-A633-C3B5A20C6665}.Release|Any CPU.Build.0 = Release|Any CPU
		{FD383F85-8D5E-4AB6-A1FD-42F492203F9A}.Debug|Any CPU.ActiveCfg = Debug|Any CPU
		{FD383F85-8D5E-4AB6-A1FD-42F492203F9A}.Debug|Any CPU.Build.0 = Debug|Any CPU
		{FD383F85-8D5E-4AB6-A1FD-42F492203F9A}.Release|Any CPU.ActiveCfg = Release|Any CPU
		{FD383F85-8D5E-4AB6-A1FD-42F492203F9A}.Release|Any CPU.Build.0 = Release|Any CPU
	EndGlobalSection
EndGlobal
